
Microsoft Visual Studio Solution File, Format Version 12.00
# Visual Studio Version 17
VisualStudioVersion = 17.4.33213.308
MinimumVisualStudioVersion = 10.0.40219.1
Project("{FAE04EC0-301F-11D3-BF4B-00C04F79EFBC}") = "ChessApp.App", "ChessApp.App\ChessApp.App.csproj", "{F79F4985-1068-444D-81D9-1D9AC47FA25D}"
EndProject
Project("{FAE04EC0-301F-11D3-BF4B-00C04F79EFBC}") = "ChessApp.Core", "ChessApp.Core\ChessApp.Core.csproj", "{C1471C65-E20D-4E13-87D3-A679354F6BDB}"
EndProject
Project("{FAE04EC0-301F-11D3-BF4B-00C04F79EFBC}") = "ChessApp.Infrastructure", "ChessApp.Infrastructure\ChessApp.Infrastructure.csproj", "{7D4A3DCF-9444-4BC3-AD2A-805DE697519C}"
EndProject
Global
	GlobalSection(SolutionConfigurationPlatforms) = preSolution
		Debug|Any CPU = Debug|Any CPU
		Release|Any CPU = Release|Any CPU
	EndGlobalSection
	GlobalSection(ProjectConfigurationPlatforms) = postSolution
		{F79F4985-1068-444D-81D9-1D9AC47FA25D}.Debug|Any CPU.ActiveCfg = Debug|Any CPU
		{F79F4985-1068-444D-81D9-1D9AC47FA25D}.Debug|Any CPU.Build.0 = Debug|Any CPU
		{F79F4985-1068-444D-81D9-1D9AC47FA25D}.Release|Any CPU.ActiveCfg = Release|Any CPU
		{F79F4985-1068-444D-81D9-1D9AC47FA25D}.Release|Any CPU.Build.0 = Release|Any CPU
		{C1471C65-E20D-4E13-87D3-A679354F6BDB}.Debug|Any CPU.ActiveCfg = Debug|Any CPU
		{C1471C65-E20D-4E13-87D3-A679354F6BDB}.Debug|Any CPU.Build.0 = Debug|Any CPU
		{C1471C65-E20D-4E13-87D3-A679354F6BDB}.Release|Any CPU.ActiveCfg = Release|Any CPU
		{C1471C65-E20D-4E13-87D3-A679354F6BDB}.Release|Any CPU.Build.0 = Release|Any CPU
		{7D4A3DCF-9444-4BC3-AD2A-805DE697519C}.Debug|Any CPU.ActiveCfg = Debug|Any CPU
		{7D4A3DCF-9444-4BC3-AD2A-805DE697519C}.Debug|Any CPU.Build.0 = Debug|Any CPU
		{7D4A3DCF-9444-4BC3-AD2A-805DE697519C}.Release|Any CPU.ActiveCfg = Release|Any CPU
		{7D4A3DCF-9444-4BC3-AD2A-805DE697519C}.Release|Any CPU.Build.0 = Release|Any CPU
	EndGlobalSection
	GlobalSection(SolutionProperties) = preSolution
		HideSolutionNode = FALSE
	EndGlobalSection
	GlobalSection(ExtensibilityGlobals) = postSolution
		SolutionGuid = {E534F9C6-887E-45A9-995D-6840CA0A0D86}
	EndGlobalSection
EndGlobal
